{
  "originHash" : "30cd0054d790b6c9235210857f96c2e683d87351f720cc417d91115ac6cb1238",
  "pins" : [
    {
      "identity" : "swiftui-cached-async-image",
      "kind" : "remoteSourceControl",
      "location" : "https://github.com/lorenzofiamingo/swiftui-cached-async-image.git",
      "state" : {
        "revision" : "467a3d17479887943ab917a379e62bbaff60ac8a",
        "version" : "2.1.1"
      }
    },
    {
      "identity" : "unifiedblurhash",
      "kind" : "remoteSourceControl",
      "location" : "https://github.com/iankoex/UnifiedBlurHash.git",
      "state" : {
        "revision" : "39d18f3526c62e950c97090aac75d5dac1de9b21",
        "version" : "1.0.3"
      }
    }
  ],
  "version" : 3
}
